<Solution>
  <Project Path="TicketApi/TicketApi.csproj" />
  <Project Path="TicketManagement.Application/TicketManagement.Application.csproj" />
  <Project Path="TicketManagement.Domain/TicketManagement.Domain.csproj" />
  <Project Path="TicketManagement.Infrastructure/TicketManagement.Infrastructure.csproj" />
</Solution>
